github.com/beevik/ntp v0.2.0 h1:sGsd+kAXzT0bfVfzJfce04g+dSRfrs+tbQW8lweuYgw=
github.com/beevik/ntp v0.2.0/go.mod h1:hIHWr+l3+/clUnF44zdK+CWW7fO8dR5cIylAQ76NRpg=
github.com/davecgh/go-spew v1.1.0/go.mod h1:J7Y8YcW2NihsgmVo/mv3lAwl/skON4iLHjSsI+c5H38=
github.com/davecgh/go-spew v1.1.1 h1:vj9j/u1bqnvCEfJOwUhtlOARqs3+rkHYY13jYWTU97c=
github.com/davecgh/go-spew v1.1.1/go.mod h1:J7Y8YcW2NihsgmVo/mv3lAwl/skON4iLHjSsI+c5H38=
github.com/gogo/protobuf v1.3.1 h1:DqDEcV5aeaTmdFBePNpYsp3FlcVH/2ISVVM9Qf8PSls=
github.com/gogo/protobuf v1.3.1/go.mod h1:SlYgWuQ5SjCEi6WLHjHCa1yvBfUnHcTbrrZtXPKa29o=
github.com/golang/protobuf v1.3.2 h1:6nsPYzhq5kReh6QImI3k5qWzO4PEbvbIW2cwSfR/6xs=
github.com/golang/protobuf v1.3.2/go.mod h1:6lQm79b+lXiMfvg/cZm0SGofjICqVBUtrP5yJMmIC1U=
github.com/google/uuid v1.1.1 h1:Gkbcsh/GbpXz7lPftLA3P6TYMwjCLYm83jiFQZF/3gY=
github.com/google/uuid v1.1.1/go.mod h1:TIyPZe4MgqvfeYDBFedMoGGpEw/LqOeaOT+nhxU+yHo=
github.com/gorilla/websocket v1.4.1 h1:q7AeDBpnBk8AogcD4DSag/Ukw/KV+YhzLj2bP5HvKCM=
github.com/gorilla/websocket v1.4.1/go.mod h1:YR8l580nyteQvAITg2hZ9XVh4b55+EU/adAjf1fMHhE=
github.com/kisielk/errcheck v1.2.0/go.mod h1:/BMXB+zMLi60iA8Vv6Ksmxu/1UDYcXs4uQLJ+jE2L00=
github.com/kisielk/gotool v1.0.0/go.mod h1:XhKaO+MFFWcvkIS/tQcRk01m1F5IRFswLeQ+oQHNcck=
github.com/lucasb-eyer/go-colorful v1.0.3 h1:QIbQXiugsb+q10B+MI+7DI1oQLdmnep86tWFlaaUAac=
github.com/lucasb-eyer/go-colorful v1.0.3/go.mod h1:R4dSotOR9KMtayYi1e77YzuveK+i7ruzyGqttikkLy0=
github.com/pmezard/go-difflib v1.0.0 h1:4DBwDE0NGyQoBHbLQYPwSUPoCMWR5BEzIk/f1lZbAQM=
github.com/pmezard/go-difflib v1.0.0/go.mod h1:iKH77koFhYxTK1pcRnkKkqfTogsbg7gZNVY4sRDYZ/4=
github.com/selfid-net/self-messaging-client v0.0.0-20191112162217-00f68d395c8c h1:LwJqgj2aexmMAcV2DU/W/m6D5t5N1jzzuMe3OZfcQMw=
github.com/selfid-net/self-messaging-client v0.0.0-20191112162217-00f68d395c8c/go.mod h1:f2r4QFqXIJWOJ5mlJzdF0WlKw9bY1pCRLiIMIqjg0VQ=
github.com/selfid-net/self-messaging-client v0.0.0-20191203155650-fefa77d8400b h1:4wetVKOJxlT2DP7sedlR2pZ14H1ODwrzBT1F4Rn/sMg=
github.com/selfid-net/self-messaging-client v0.0.0-20191203155650-fefa77d8400b/go.mod h1:f2r4QFqXIJWOJ5mlJzdF0WlKw9bY1pCRLiIMIqjg0VQ=
github.com/selfid-net/self-messaging-client v0.0.0-20200114122723-ff21be3845a6 h1:dhUmPMQIVIPZWv83pPrL5OUnKXjAti0UTmGugINtnT8=
github.com/selfid-net/self-messaging-client v0.0.0-20200114122723-ff21be3845a6/go.mod h1:f2r4QFqXIJWOJ5mlJzdF0WlKw9bY1pCRLiIMIqjg0VQ=
github.com/selfid-net/self-messaging-proto v0.0.0-20191112132827-f8fe0ddb0f42 h1:qJleKEp818d23s7V4Uw/DUOn4prZA35VhMRIKZLHHhM=
github.com/selfid-net/self-messaging-proto v0.0.0-20191112132827-f8fe0ddb0f42/go.mod h1:5ZzNxspy89uxwBjNzJhny4CfOUZRbhLQiLifRMEps8s=
github.com/skip2/go-qrcode v0.0.0-20191027152451-9434209cb086 h1:RYiqpb2ii2Z6J4x0wxK46kvPBbFuZcdhS+CIztmYgZs=
github.com/skip2/go-qrcode v0.0.0-20191027152451-9434209cb086/go.mod h1:PLPIyL7ikehBD1OAjmKKiOEhbvWyHGaNDjquXMcYABo=
github.com/stretchr/objx v0.1.0/go.mod h1:HFkY916IF+rwdDfMAkV7OtwuqBVzrE8GR6GFx+wExME=
github.com/stretchr/testify v1.4.0 h1:2E4SXV/wtOkTonXsotYi4li6zVWxYlZuYNCXe9XRJyk=
github.com/stretchr/testify v1.4.0/go.mod h1:j7eGeouHqKxXV5pUuKE4zz7dFj8WfuZ+81PSLYec5m4=
github.com/tidwall/gjson v1.3.4 h1:On5waDnyKKk3SWE4EthbjjirAWXp43xx5cKCUZY1eZw=
github.com/tidwall/gjson v1.3.4/go.mod h1:P256ACg0Mn+j1RXIDXoss50DeIABTYK1PULOJHhxOls=
github.com/tidwall/match v1.0.1 h1:PnKP62LPNxHKTwvHHZZzdOAOCtsJTjo6dZLCwpKm5xc=
github.com/tidwall/match v1.0.1/go.mod h1:LujAq0jyVjBy028G1WhWfIzbpQfMO8bBZ6Tyb0+pL9E=
github.com/tidwall/pretty v1.0.0 h1:HsD+QiTn7sK6flMKIvNmpqz1qrpP3Ps6jOKIKMooyg4=
github.com/tidwall/pretty v1.0.0/go.mod h1:XNkn88O1ChpSDQmQeStsy+sBenx6DDtFZJxhVysOjyk=
golang.org/x/crypto v0.0.0-20190308221718-c2843e01d9a2/go.mod h1:djNgcEr1/C05ACkg1iLfiJU5Ep61QUkGW8qpdssI0+w=
golang.org/x/crypto v0.0.0-20191011191535-87dc89f01550/go.mod h1:yigFU9vqHzYiE8UmvKecakEJjdnWj3jj499lnFckfCI=
golang.org/x/crypto v0.0.0-20191122220453-ac88ee75c92c h1:/nJuwDLoL/zrqY6gf57vxC+Pi+pZ8bfhpPkicO5H7W4=
golang.org/x/crypto v0.0.0-20191122220453-ac88ee75c92c/go.mod h1:LzIPMQfyMNhhGPhUkYOs5KpL4U8rLKemX1yGLhDgUto=
golang.org/x/net v0.0.0-20190404232315-eb5bcb51f2a3 h1:0GoQqolDA55aaLxZyTzK/Y2ePZzZTUrRacwib7cNsYQ=
golang.org/x/net v0.0.0-20190404232315-eb5bcb51f2a3/go.mod h1:t9HGtf8HONx5eT2rtn7q6eTqICYqUVnKs3thJo3Qplg=
golang.org/x/sys v0.0.0-20190215142949-d0b11bdaac8a/go.mod h1:STP8DvDyc/dI5b8T5hshtkjS+E42TnysNCUPdjciGhY=
golang.org/x/sys v0.0.0-20190412213103-97732733099d/go.mod h1:h1NjWce9XRLGQEsW7wpKNCjG9DtNlClVuFLEZdDNbEs=
golang.org/x/text v0.3.0/go.mod h1:NqM8EUOU14njkJ3fqMW+pc6Ldnwhi/IjpwHt7yyuwOQ=
golang.org/x/tools v0.0.0-20181030221726-6c7e314b6563/go.mod h1:n7NCudcB/nEzxVGmLbDWY5pfWTLqBcC2KZ6jyYvM4mQ=
gopkg.in/check.v1 v0.0.0-20161208181325-20d25e280405 h1:yhCVgyC4o1eVCa2tZl7eS0r+SDo693bJlVdllGtEeKM=
gopkg.in/check.v1 v0.0.0-20161208181325-20d25e280405/go.mod h1:Co6ibVJAznAaIkqp8huTwlJQCZ016jof/cbN4VW5Yz0=
gopkg.in/square/go-jose.v2 v2.4.0 h1:0kXPskUMGAXXWJlP05ktEMOV0vmzFQUWw6d+aZJQU8A=
gopkg.in/square/go-jose.v2 v2.4.0/go.mod h1:M9dMgbHiYLoDGQrXy7OpJDJWiKiU//h+vD76mk0e1AI=
gopkg.in/yaml.v2 v2.2.2 h1:ZCJp+EgiOT7lHqUV2J862kp8Qj64Jo6az82+3Td9dZw=
gopkg.in/yaml.v2 v2.2.2/go.mod h1:hI93XBmqTisBFMUTm0b8Fm+jr3Dg1NNxqwp+5A1VGuI=
